Microsoft Visual Studio Solution File, Format Version 12.00
# Visual Studio Version 17
VisualStudioVersion = 17.5.2.0
MinimumVisualStudioVersion = 10.0.40219.1
Project("{FAE04EC0-301F-11D3-BF4B-00C04F79EFBC}") = "MyGithubApp", "MyGithubApp\MyGithubApp.csproj", "{105C18BD-7C32-4D5A-7C23-68B24A401DF5}"
EndProject
Global
	GlobalSection(SolutionConfigurationPlatforms) = preSolution
		Debug|Any CPU = Debug|Any CPU
		Release|Any CPU = Release|Any CPU
	EndGlobalSection
	GlobalSection(ProjectConfigurationPlatforms) = postSolution
		{105C18BD-7C32-4D5A-7C23-68B24A401DF5}.Debug|Any CPU.ActiveCfg = Debug|Any CPU
		{105C18BD-7C32-4D5A-7C23-68B24A401DF5}.Debug|Any CPU.Build.0 = Debug|Any CPU
		{105C18BD-7C32-4D5A-7C23-68B24A401DF5}.Release|Any CPU.ActiveCfg = Release|Any CPU
		{105C18BD-7C32-4D5A-7C23-68B24A401DF5}.Release|Any CPU.Build.0 = Release|Any CPU
	EndGlobalSection
	GlobalSection(SolutionProperties) = preSolution
		HideSolutionNode = FALSE
	EndGlobalSection
	GlobalSection(ExtensibilityGlobals) = postSolution
		SolutionGuid = {EB75ED6A-ACD7-4448-9C74-1366FFEF9559}
	EndGlobalSection
EndGlobal
